
Microsoft Visual Studio Solution File, Format Version 12.00
# Visual Studio Version 17
VisualStudioVersion = 17.5.33530.505
MinimumVisualStudioVersion = 10.0.40219.1
Project("{FAE04EC0-301F-11D3-BF4B-00C04F79EFBC}") = "WebApp_new", "WebApp_new\WebApp_new.csproj", "{673E047B-AACD-4F74-B04B-21B3D6B646FE}"
EndProject
Global
	GlobalSection(SolutionConfigurationPlatforms) = preSolution
		Debug|Any CPU = Debug|Any CPU
		Release|Any CPU = Release|Any CPU
	EndGlobalSection
	GlobalSection(ProjectConfigurationPlatforms) = postSolution
		{673E047B-AACD-4F74-B04B-21B3D6B646FE}.Debug|Any CPU.ActiveCfg = Debug|Any CPU
		{673E047B-AACD-4F74-B04B-21B3D6B646FE}.Debug|Any CPU.Build.0 = Debug|Any CPU
		{673E047B-AACD-4F74-B04B-21B3D6B646FE}.Release|Any CPU.ActiveCfg = Release|Any CPU
		{673E047B-AACD-4F74-B04B-21B3D6B646FE}.Release|Any CPU.Build.0 = Release|Any CPU
	EndGlobalSection
	GlobalSection(SolutionProperties) = preSolution
		HideSolutionNode = FALSE
	EndGlobalSection
	GlobalSection(ExtensibilityGlobals) = postSolution
		SolutionGuid = {99B578AC-B13B-4975-9FCE-2701F8E11B0D}
	EndGlobalSection
EndGlobal
